version: 5
environments:
  default:
    channels:
    - url: https://conda.anaconda.org/conda-forge/
    - url: https://conda.anaconda.org/bioconda/
    packages:
      osx-64:
      - conda: https://conda.anaconda.org/conda-forge/osx-64/bzip2-1.0.8-hfdf4475_7.conda
      - conda: https://conda.anaconda.org/conda-forge/osx-64/c-ares-1.34.3-hf13058a_1.conda
      - conda: https://conda.anaconda.org/conda-forge/osx-64/ca-certificates-2024.8.30-h8857fd0_0.conda
      - conda: https://conda.anaconda.org/conda-forge/noarch/colorama-0.4.6-pyhd8ed1ab_1.conda
      - conda: https://conda.anaconda.org/conda-forge/noarch/defopt-6.4.0-pyhd8ed1ab_0.tar.bz2
      - conda: https://conda.anaconda.org/conda-forge/noarch/docutils-0.21.2-pyhd8ed1ab_1.conda
      - conda: https://conda.anaconda.org/bioconda/osx-64/htslib-1.21-hec81eee_0.tar.bz2
      - conda: https://conda.anaconda.org/conda-forge/osx-64/krb5-1.21.3-h37d8d59_0.conda
      - conda: https://conda.anaconda.org/conda-forge/osx-64/libcurl-8.10.1-h58e7537_0.conda
      - conda: https://conda.anaconda.org/conda-forge/osx-64/libcxx-19.1.5-hf95d169_0.conda
      - conda: https://conda.anaconda.org/conda-forge/osx-64/libdeflate-1.21-hfdf4475_0.conda
      - conda: https://conda.anaconda.org/conda-forge/osx-64/libedit-3.1.20191231-h0678c8f_2.tar.bz2
      - conda: https://conda.anaconda.org/conda-forge/osx-64/libev-4.33-h10d778d_2.conda
      - conda: https://conda.anaconda.org/conda-forge/osx-64/libexpat-2.6.4-h240833e_0.conda
      - conda: https://conda.anaconda.org/conda-forge/osx-64/libffi-3.4.2-h0d85af4_5.tar.bz2
      - conda: https://conda.anaconda.org/conda-forge/osx-64/liblzma-5.6.3-hd471939_0.conda
      - conda: https://conda.anaconda.org/conda-forge/osx-64/liblzma-devel-5.6.3-hd471939_0.conda
      - conda: https://conda.anaconda.org/conda-forge/osx-64/libnghttp2-1.64.0-hc7306c3_0.conda
      - conda: https://conda.anaconda.org/conda-forge/osx-64/libsqlite-3.47.0-h2f8c449_1.conda
      - conda: https://conda.anaconda.org/conda-forge/osx-64/libssh2-1.11.1-h3dc7d44_0.conda
      - conda: https://conda.anaconda.org/conda-forge/osx-64/libzlib-1.3.1-hd23fc13_2.conda
      - conda: https://conda.anaconda.org/conda-forge/noarch/mypy_extensions-1.0.0-pyha770c72_1.conda
      - conda: https://conda.anaconda.org/conda-forge/osx-64/ncurses-6.5-hf036a51_1.conda
      - conda: https://conda.anaconda.org/conda-forge/osx-64/openssl-3.4.0-hd471939_0.conda
      - conda: https://conda.anaconda.org/conda-forge/noarch/pockets-0.9.1-py_0.tar.bz2
      - conda: https://conda.anaconda.org/bioconda/osx-64/pysam-0.22.1-py312h7023193_2.tar.bz2
      - conda: https://conda.anaconda.org/conda-forge/osx-64/python-3.12.7-h8f8b54e_0_cpython.conda
      - conda: https://conda.anaconda.org/conda-forge/osx-64/python_abi-3.12-5_cp312.conda
      - conda: https://conda.anaconda.org/conda-forge/osx-64/readline-8.2-h9e318b2_1.conda
      - conda: https://conda.anaconda.org/bioconda/osx-64/samtools-1.21-h94387ee_0.tar.bz2
      - conda: https://conda.anaconda.org/conda-forge/noarch/six-1.16.0-pyhd8ed1ab_1.conda
      - conda: https://conda.anaconda.org/conda-forge/noarch/sphinxcontrib-napoleon-0.7-py_0.tar.bz2
      - conda: https://conda.anaconda.org/conda-forge/osx-64/tk-8.6.13-h1abcd95_1.conda
      - conda: https://conda.anaconda.org/conda-forge/noarch/typing_extensions-4.12.2-pyha770c72_1.conda
      - conda: https://conda.anaconda.org/conda-forge/noarch/typing_inspect-0.9.0-pyhd8ed1ab_0.conda
      - conda: https://conda.anaconda.org/conda-forge/noarch/tzdata-2024b-hc8b5060_0.conda
      - conda: https://conda.anaconda.org/conda-forge/osx-64/xz-5.6.3-h357f2ed_0.conda
      - conda: https://conda.anaconda.org/conda-forge/osx-64/xz-gpl-tools-5.6.3-h357f2ed_0.conda
      - conda: https://conda.anaconda.org/conda-forge/osx-64/xz-tools-5.6.3-hd471939_0.conda
      - conda: https://conda.anaconda.org/conda-forge/osx-64/zstd-1.5.6-h915ae27_0.conda
packages:
- kind: conda
  name: bzip2
  version: 1.0.8
  build: hfdf4475_7
  build_number: 7
  subdir: osx-64
  url: https://conda.anaconda.org/conda-forge/osx-64/bzip2-1.0.8-hfdf4475_7.conda
  sha256: cad153608b81fb24fc8c509357daa9ae4e49dfc535b2cb49b91e23dbd68fc3c5
  md5: 7ed4301d437b59045be7e051a0308211
  depends:
  - __osx >=10.13
  license: bzip2-1.0.6
  license_family: BSD
  size: 134188
  timestamp: 1720974491916
- kind: conda
  name: c-ares
  version: 1.34.3
  build: hf13058a_1
  build_number: 1
  subdir: osx-64
  url: https://conda.anaconda.org/conda-forge/osx-64/c-ares-1.34.3-hf13058a_1.conda
  sha256: 37c031f91bb4c7ebec248e283c453b24840764fb53b640768780dcd904093f17
  md5: 7d8083876d71fe1316fc18369ee0dc58
  depends:
  - __osx >=10.13
  license: MIT
  license_family: MIT
  size: 184403
  timestamp: 1732447223773
- kind: conda
  name: ca-certificates
  version: 2024.8.30
  build: h8857fd0_0
  subdir: osx-64
  url: https://conda.anaconda.org/conda-forge/osx-64/ca-certificates-2024.8.30-h8857fd0_0.conda
  sha256: 593f302d0f44c2c771e1614ee6d56fffdc7d616e6f187669c8b0e34ffce3e1ae
  md5: b7e5424e7f06547a903d28e4651dbb21
  license: ISC
  size: 158665
  timestamp: 1725019059295
- kind: conda
  name: colorama
  version: 0.4.6
  build: pyhd8ed1ab_1
  build_number: 1
  subdir: noarch
  noarch: python
  url: https://conda.anaconda.org/conda-forge/noarch/colorama-0.4.6-pyhd8ed1ab_1.conda
  sha256: ab29d57dc70786c1269633ba3dff20288b81664d3ff8d21af995742e2bb03287
  md5: 962b9857ee8e7018c22f2776ffa0b2d7
  depends:
  - python >=3.9
  license: BSD-3-Clause
  license_family: BSD
  size: 27011
  timestamp: 1733218222191
- kind: conda
  name: defopt
  version: 6.4.0
  build: pyhd8ed1ab_0
  subdir: noarch
  noarch: python
  url: https://conda.anaconda.org/conda-forge/noarch/defopt-6.4.0-pyhd8ed1ab_0.tar.bz2
  sha256: 04f2512a2a6197f3262280420ee23a6259c146f96ff8cc38b1ceadd26dc0b91d
  md5: 33b15d9c6efa770db11927bafb088a7a
  depends:
  - colorama >=0.3.4
  - docutils >=0.12
  - python >=3.8
  - sphinxcontrib-napoleon >=0.7.0
  - typing_inspect >=0.5.0
  license: MIT
  license_family: MIT
  size: 20315
  timestamp: 1658270231080
- kind: conda
  name: docutils
  version: 0.21.2
  build: pyhd8ed1ab_1
  build_number: 1
  subdir: noarch
  noarch: python
  url: https://conda.anaconda.org/conda-forge/noarch/docutils-0.21.2-pyhd8ed1ab_1.conda
  sha256: fa5966bb1718bbf6967a85075e30e4547901410cc7cb7b16daf68942e9a94823
  md5: 24c1ca34138ee57de72a943237cde4cc
  depends:
  - python >=3.9
  license: CC-PDDC AND BSD-3-Clause AND BSD-2-Clause AND ZPL-2.1
  size: 402700
  timestamp: 1733217860944
- kind: conda
  name: htslib
  version: '1.21'
  build: hec81eee_0
  subdir: osx-64
  url: https://conda.anaconda.org/bioconda/osx-64/htslib-1.21-hec81eee_0.tar.bz2
  sha256: 0c6191f2b130afa2bfe0dbdc3a0eb6871f12d0368c2f9c088a773a7b0663e7dd
  md5: 4a419103de22807192ac8958dac81516
  depends:
  - bzip2 >=1.0.8,<2.0a0
  - libcurl >=8.8.0,<9.0a0
  - libdeflate >=1.20,<1.22.0a0
  - libzlib >=1.2.13,<2.0a0
  - xz >=5.2.6,<6.0a0
  license: MIT
  license_family: MIT
  size: 2902186
  timestamp: 1726173205174
- kind: conda
  name: krb5
  version: 1.21.3
  build: h37d8d59_0
  subdir: osx-64
  url: https://conda.anaconda.org/conda-forge/osx-64/krb5-1.21.3-h37d8d59_0.conda
  sha256: 83b52685a4ce542772f0892a0f05764ac69d57187975579a0835ff255ae3ef9c
  md5: d4765c524b1d91567886bde656fb514b
  depends:
  - __osx >=10.13
  - libcxx >=16
  - libedit >=3.1.20191231,<3.2.0a0
  - libedit >=3.1.20191231,<4.0a0
  - openssl >=3.3.1,<4.0a0
  license: MIT
  license_family: MIT
  size: 1185323
  timestamp: 1719463492984
- kind: conda
  name: libcurl
  version: 8.10.1
  build: h58e7537_0
  subdir: osx-64
  url: https://conda.anaconda.org/conda-forge/osx-64/libcurl-8.10.1-h58e7537_0.conda
  sha256: 662fe145459ed58dee882e525588d1da4dcc4cbd10cfca0725d1fc3840461798
  md5: 6c8669d8228a2bbd0283911cc6d6726e
  depends:
  - __osx >=10.13
  - krb5 >=1.21.3,<1.22.0a0
  - libnghttp2 >=1.58.0,<2.0a0
  - libssh2 >=1.11.0,<2.0a0
  - libzlib >=1.3.1,<2.0a0
  - openssl >=3.3.2,<4.0a0
  - zstd >=1.5.6,<1.6.0a0
  license: curl
  license_family: MIT
  size: 402588
  timestamp: 1726660264675
- kind: conda
  name: libcxx
  version: 19.1.5
  build: hf95d169_0
  subdir: osx-64
  url: https://conda.anaconda.org/conda-forge/osx-64/libcxx-19.1.5-hf95d169_0.conda
  sha256: 57e80908add715a2198559001087de014156c4b44a722add46253465ae9daa0c
  md5: a20d4ea6839510372d1eeb8532b09acf
  depends:
  - __osx >=10.13
  license: Apache-2.0 WITH LLVM-exception
  license_family: Apache
  size: 529401
  timestamp: 1733291621685
- kind: conda
  name: libdeflate
  version: '1.21'
  build: hfdf4475_0
  subdir: osx-64
  url: https://conda.anaconda.org/conda-forge/osx-64/libdeflate-1.21-hfdf4475_0.conda
  sha256: 1defb3e5243a74a9ef64de2a47812f524664e46ca9dbecb8d7c746cb1779038e
  md5: 88409b23a5585c15d52de0073f3c9c61
  depends:
  - __osx >=10.13
  license: MIT
  license_family: MIT
  size: 70570
  timestamp: 1722820232914
- kind: conda
  name: libedit
  version: 3.1.20191231
  build: h0678c8f_2
  build_number: 2
  subdir: osx-64
  url: https://conda.anaconda.org/conda-forge/osx-64/libedit-3.1.20191231-h0678c8f_2.tar.bz2
  sha256: dbd3c3f2eca1d21c52e4c03b21930bbce414c4592f8ce805801575b9e9256095
  md5: 6016a8a1d0e63cac3de2c352cd40208b
  depends:
  - ncurses >=6.2,<7.0.0a0
  license: BSD-2-Clause
  license_family: BSD
  size: 105382
  timestamp: 1597616576726
- kind: conda
  name: libev
  version: '4.33'
  build: h10d778d_2
  build_number: 2
  subdir: osx-64
  url: https://conda.anaconda.org/conda-forge/osx-64/libev-4.33-h10d778d_2.conda
  sha256: 0d238488564a7992942aa165ff994eca540f687753b4f0998b29b4e4d030ff43
  md5: 899db79329439820b7e8f8de41bca902
  license: BSD-2-Clause
  license_family: BSD
  size: 106663
  timestamp: 1702146352558
- kind: conda
  name: libexpat
  version: 2.6.4
  build: h240833e_0
  subdir: osx-64
  url: https://conda.anaconda.org/conda-forge/osx-64/libexpat-2.6.4-h240833e_0.conda
  sha256: d10f43d0c5df6c8cf55259bce0fe14d2377eed625956cddce06f58827d288c59
  md5: 20307f4049a735a78a29073be1be2626
  depends:
  - __osx >=10.13
  constrains:
  - expat 2.6.4.*
  license: MIT
  license_family: MIT
  size: 70758
  timestamp: 1730967204736
- kind: conda
  name: libffi
  version: 3.4.2
  build: h0d85af4_5
  build_number: 5
  subdir: osx-64
  url: https://conda.anaconda.org/conda-forge/osx-64/libffi-3.4.2-h0d85af4_5.tar.bz2
  sha256: 7a2d27a936ceee6942ea4d397f9c7d136f12549d86f7617e8b6bad51e01a941f
  md5: ccb34fb14960ad8b125962d3d79b31a9
  license: MIT
  license_family: MIT
  size: 51348
  timestamp: 1636488394370
- kind: conda
  name: liblzma
  version: 5.6.3
  build: hd471939_0
  subdir: osx-64
  url: https://conda.anaconda.org/conda-forge/osx-64/liblzma-5.6.3-hd471939_0.conda
  sha256: b0483283a7bae331799ff56758b0068708dc3ccf720a18a07aaecfae4cbb1d8f
  md5: 59ff4355982367e1661fff09c6be700b
  depends:
  - __osx >=10.13
  license: 0BSD
  size: 103726
  timestamp: 1733321509579
- kind: conda
  name: liblzma-devel
  version: 5.6.3
  build: hd471939_0
  subdir: osx-64
  url: https://conda.anaconda.org/conda-forge/osx-64/liblzma-devel-5.6.3-hd471939_0.conda
  sha256: 4d8ae87912cc480c7ca208c2ee1adc77bedfbbd979aacfad5cdd931976f2b324
  md5: 11439073e62453ffd31a3f924a158d1b
  depends:
  - __osx >=10.13
  - liblzma 5.6.3 hd471939_0
  license: 0BSD
  size: 113250
  timestamp: 1733321534703
- kind: conda
  name: libnghttp2
  version: 1.64.0
  build: hc7306c3_0
  subdir: osx-64
  url: https://conda.anaconda.org/conda-forge/osx-64/libnghttp2-1.64.0-hc7306c3_0.conda
  sha256: 0dcfdcf3a445d2d7de4f3b186ab0a794dc872f4ea21622f9b997be72712c027f
  md5: ab21007194b97beade22ceb7a3f6fee5
  depends:
  - __osx >=10.13
  - c-ares >=1.34.2,<2.0a0
  - libcxx >=17
  - libev >=4.33,<4.34.0a0
  - libev >=4.33,<5.0a0
  - libzlib >=1.3.1,<2.0a0
  - openssl >=3.3.2,<4.0a0
  license: MIT
  license_family: MIT
  size: 606663
  timestamp: 1729572019083
- kind: conda
  name: libsqlite
  version: 3.47.0
  build: h2f8c449_1
  build_number: 1
  subdir: osx-64
  url: https://conda.anaconda.org/conda-forge/osx-64/libsqlite-3.47.0-h2f8c449_1.conda
  sha256: a0f7381c867898a45018b1e5cf1aca68659d292d58252e8f489a4270b010fed8
  md5: af445c495253a871c3d809e1199bb12b
  depends:
  - __osx >=10.13
  - libzlib >=1.3.1,<2.0a0
  license: Unlicense
  size: 915300
  timestamp: 1730208101739
- kind: conda
  name: libssh2
  version: 1.11.1
  build: h3dc7d44_0
  subdir: osx-64
  url: https://conda.anaconda.org/conda-forge/osx-64/libssh2-1.11.1-h3dc7d44_0.conda
  sha256: ef2a81c9a15080b996a37f0e1712881da90a710b234e63d8539d69892353de90
  md5: b1caec4561059e43a5d056684c5a2de0
  depends:
  - __osx >=10.13
  - libzlib >=1.3.1,<2.0a0
  - openssl >=3.4.0,<4.0a0
  license: BSD-3-Clause
  license_family: BSD
  size: 283874
  timestamp: 1732349525684
- kind: conda
  name: libzlib
  version: 1.3.1
  build: hd23fc13_2
  build_number: 2
  subdir: osx-64
  url: https://conda.anaconda.org/conda-forge/osx-64/libzlib-1.3.1-hd23fc13_2.conda
  sha256: 8412f96504fc5993a63edf1e211d042a1fd5b1d51dedec755d2058948fcced09
  md5: 003a54a4e32b02f7355b50a837e699da
  depends:
  - __osx >=10.13
  constrains:
  - zlib 1.3.1 *_2
  license: Zlib
  license_family: Other
  size: 57133
  timestamp: 1727963183990
- kind: conda
  name: mypy_extensions
  version: 1.0.0
  build: pyha770c72_1
  build_number: 1
  subdir: noarch
  noarch: python
  url: https://conda.anaconda.org/conda-forge/noarch/mypy_extensions-1.0.0-pyha770c72_1.conda
  sha256: 1895f47b7d68581a6facde5cb13ab8c2764c2e53a76bd746f8f98910dc4e08fe
  md5: 29097e7ea634a45cc5386b95cac6568f
  depends:
  - python >=3.9
  license: MIT
  license_family: MIT
  size: 10854
  timestamp: 1733230986902
- kind: conda
  name: ncurses
  version: '6.5'
  build: hf036a51_1
  build_number: 1
  subdir: osx-64
  url: https://conda.anaconda.org/conda-forge/osx-64/ncurses-6.5-hf036a51_1.conda
  sha256: b0b3180039ef19502525a2abd5833c00f9624af830fd391f851934d57bffb9af
  md5: e102bbf8a6ceeaf429deab8032fc8977
  depends:
  - __osx >=10.13
  license: X11 AND BSD-3-Clause
  size: 822066
  timestamp: 1724658603042
- kind: conda
  name: openssl
  version: 3.4.0
  build: hd471939_0
  subdir: osx-64
  url: https://conda.anaconda.org/conda-forge/osx-64/openssl-3.4.0-hd471939_0.conda
  sha256: ba7e068ed469d6625e32ae60e6ad893e655b6695280dadf7e065ed0b6f3b885c
  md5: ec99d2ce0b3033a75cbad01bbc7c5b71
  depends:
  - __osx >=10.13
  - ca-certificates
  license: Apache-2.0
  license_family: Apache
  size: 2590683
  timestamp: 1731378034404
- kind: conda
  name: pockets
  version: 0.9.1
  build: py_0
  subdir: noarch
  noarch: python
  url: https://conda.anaconda.org/conda-forge/noarch/pockets-0.9.1-py_0.tar.bz2
  sha256: 65078c436f78e16babac055eb0e5800c7f8453f5b0d45d5d124916ad97e264ca
  md5: 1b52f0c42e8077e5a33e00fe72269364
  depends:
  - python
  - six >=1.5.2
  license: BSD-3-Clause
  license_family: BSD
  size: 24691
  timestamp: 1572721532592
- kind: conda
  name: pysam
  version: 0.22.1
  build: py312h7023193_2
  build_number: 2
  subdir: osx-64
  url: https://conda.anaconda.org/bioconda/osx-64/pysam-0.22.1-py312h7023193_2.tar.bz2
  sha256: 572e1e04839abc4f6a269c23e0fccbb715fb09e742d9437c94650f5a28233ae1
  md5: fa515e5d5c09ad4860de15b61c538aaa
  depends:
  - bzip2 >=1.0.8,<2.0a0
  - libcurl >=8.8.0,<9.0a0
  - libdeflate >=1.20,<1.22.0a0
  - libzlib >=1.2.13,<2.0a0
  - python >=3.12,<3.13.0a0
  - python_abi 3.12.* *_cp312
  - xz >=5.2.6,<6.0a0
  license: MIT
  size: 4121273
  timestamp: 1720650030010
- kind: conda
  name: python
  version: 3.12.7
  build: h8f8b54e_0_cpython
  subdir: osx-64
  url: https://conda.anaconda.org/conda-forge/osx-64/python-3.12.7-h8f8b54e_0_cpython.conda
  sha256: 28172d94f7193c5075c0fc3c4b1bb617c512ffc991f4e2af0dbb6a2916872b76
  md5: 7f81191b1ca1113e694e90e15c27a12f
  depends:
  - __osx >=10.13
  - bzip2 >=1.0.8,<2.0a0
  - libexpat >=2.6.3,<3.0a0
  - libffi >=3.4,<4.0a0
  - libsqlite >=3.46.1,<4.0a0
  - libzlib >=1.3.1,<2.0a0
  - ncurses >=6.5,<7.0a0
  - openssl >=3.3.2,<4.0a0
  - readline >=8.2,<9.0a0
  - tk >=8.6.13,<8.7.0a0
  - tzdata
  - xz >=5.2.6,<6.0a0
  constrains:
  - python_abi 3.12.* *_cp312
  license: Python-2.0
  size: 13761315
  timestamp: 1728058247482
- kind: conda
  name: python_abi
  version: '3.12'
  build: 5_cp312
  build_number: 5
  subdir: osx-64
  url: https://conda.anaconda.org/conda-forge/osx-64/python_abi-3.12-5_cp312.conda
  sha256: 4da26c7508d5bc5d8621e84dc510284402239df56aab3587a7d217de9d3c806d
  md5: c34dd4920e0addf7cfcc725809f25d8e
  constrains:
  - python 3.12.* *_cpython
  license: BSD-3-Clause
  license_family: BSD
  size: 6312
  timestamp: 1723823137004
- kind: conda
  name: readline
  version: '8.2'
  build: h9e318b2_1
  build_number: 1
  subdir: osx-64
  url: https://conda.anaconda.org/conda-forge/osx-64/readline-8.2-h9e318b2_1.conda
  sha256: 41e7d30a097d9b060037f0c6a2b1d4c4ae7e942c06c943d23f9d481548478568
  md5: f17f77f2acf4d344734bda76829ce14e
  depends:
  - ncurses >=6.3,<7.0a0
  license: GPL-3.0-only
  license_family: GPL
  size: 255870
  timestamp: 1679532707590
- kind: conda
  name: samtools
  version: '1.21'
  build: h94387ee_0
  subdir: osx-64
  url: https://conda.anaconda.org/bioconda/osx-64/samtools-1.21-h94387ee_0.tar.bz2
  sha256: a246184b101f982400e46a67d0db84587d1baa0ae8d8aff2f663bbf6ebe287a5
  md5: 2ee3b46acad1e32462286ac65e970868
  depends:
  - htslib >=1.21,<1.22.0a0
  - libzlib >=1.2.13,<2.0a0
  - ncurses >=6.5,<7.0a0
  license: MIT
  size: 467603
  timestamp: 1726176875620
- kind: conda
  name: six
  version: 1.16.0
  build: pyhd8ed1ab_1
  build_number: 1
  subdir: noarch
  noarch: python
  url: https://conda.anaconda.org/conda-forge/noarch/six-1.16.0-pyhd8ed1ab_1.conda
  sha256: 761b96fe7bea080b9c35dd2f87f788eb94b61d462645bd16f361e80ae0ff017c
  md5: a516da6cfe1ec0a55e49737f017b4965
  depends:
  - python >=3.9
  license: MIT
  license_family: MIT
  size: 16385
  timestamp: 1733216901349
- kind: conda
  name: sphinxcontrib-napoleon
  version: '0.7'
  build: py_0
  subdir: noarch
  noarch: python
  url: https://conda.anaconda.org/conda-forge/noarch/sphinxcontrib-napoleon-0.7-py_0.tar.bz2
  sha256: 5dba9f3893e67161e229f16ff9361264bb880cdef5fd5671779ca052e1dbefbe
  md5: 0bc25ff6f2e34af63ded59692df5f749
  depends:
  - pockets >=0.3
  - python
  - six >=1.5.2
  license: BSD-2-Clause
  license_family: BSD
  size: 18983
  timestamp: 1564592662482
- kind: conda
  name: tk
  version: 8.6.13
  build: h1abcd95_1
  build_number: 1
  subdir: osx-64
  url: https://conda.anaconda.org/conda-forge/osx-64/tk-8.6.13-h1abcd95_1.conda
  sha256: 30412b2e9de4ff82d8c2a7e5d06a15f4f4fef1809a72138b6ccb53a33b26faf5
  md5: bf830ba5afc507c6232d4ef0fb1a882d
  depends:
  - libzlib >=1.2.13,<2.0.0a0
  license: TCL
  license_family: BSD
  size: 3270220
  timestamp: 1699202389792
- kind: conda
  name: typing_extensions
  version: 4.12.2
  build: pyha770c72_1
  build_number: 1
  subdir: noarch
  noarch: python
  url: https://conda.anaconda.org/conda-forge/noarch/typing_extensions-4.12.2-pyha770c72_1.conda
  sha256: 337be7af5af8b2817f115b3b68870208b30c31d3439bec07bfb2d8f4823e3568
  md5: d17f13df8b65464ca316cbc000a3cb64
  depends:
  - python >=3.9
  license: PSF-2.0
  license_family: PSF
  size: 39637
  timestamp: 1733188758212
- kind: conda
  name: typing_inspect
  version: 0.9.0
  build: pyhd8ed1ab_0
  subdir: noarch
  noarch: python
  url: https://conda.anaconda.org/conda-forge/noarch/typing_inspect-0.9.0-pyhd8ed1ab_0.conda
  sha256: 16e0b825c138e14ebc84623248d91d93a8cff29bb93595cc4aa46ca32f24f1de
  md5: 9e924b76b91908a17e28a19a0ab88687
  depends:
  - mypy_extensions >=0.3.0
  - python >=3.5
  - typing_extensions >=3.7.4
  license: MIT
  license_family: MIT
  size: 14906
  timestamp: 1685820229594
- kind: conda
  name: tzdata
  version: 2024b
  build: hc8b5060_0
  subdir: noarch
  noarch: generic
  url: https://conda.anaconda.org/conda-forge/noarch/tzdata-2024b-hc8b5060_0.conda
  sha256: 4fde5c3008bf5d2db82f2b50204464314cc3c91c1d953652f7bd01d9e52aefdf
  md5: 8ac3367aafb1cc0a068483c580af8015
  license: LicenseRef-Public-Domain
  size: 122354
  timestamp: 1728047496079
- kind: conda
  name: xz
  version: 5.6.3
  build: h357f2ed_0
  subdir: osx-64
  url: https://conda.anaconda.org/conda-forge/osx-64/xz-5.6.3-h357f2ed_0.conda
  sha256: 3ed4c71ff589a0ed9751143a5a75ff90d8a3eae3c3e98208315815843490728c
  md5: 41b739265f6fa364d7b9496aaa4b8312
  depends:
  - __osx >=10.13
  - liblzma 5.6.3 hd471939_0
  - liblzma-devel 5.6.3 hd471939_0
  - xz-gpl-tools 5.6.3 h357f2ed_0
  - xz-tools 5.6.3 hd471939_0
  license: 0BSD AND LGPL-2.1-or-later AND GPL-2.0-or-later
  size: 23589
  timestamp: 1733321594691
- kind: conda
  name: xz-gpl-tools
  version: 5.6.3
  build: h357f2ed_0
  subdir: osx-64
  url: https://conda.anaconda.org/conda-forge/osx-64/xz-gpl-tools-5.6.3-h357f2ed_0.conda
  sha256: 8da91d62b80cfdd07298040d7204f3b22b6a86e1fd3cfce1710a89b5e7266a6e
  md5: 42645ab24c32545641a406ebe9ca1cdd
  depends:
  - __osx >=10.13
  - liblzma 5.6.3 hd471939_0
  license: 0BSD AND LGPL-2.1-or-later AND GPL-2.0-or-later
  size: 33307
  timestamp: 1733321576177
- kind: conda
  name: xz-tools
  version: 5.6.3
  build: hd471939_0
  subdir: osx-64
  url: https://conda.anaconda.org/conda-forge/osx-64/xz-tools-5.6.3-hd471939_0.conda
  sha256: 7e16d5024d9d5a9e5635e1ec9f20df9223835fa2c7fd3e93ceb757c4ea317f8c
  md5: b5bd685ea9b0a8ee640764351689ebc7
  depends:
  - __osx >=10.13
  - liblzma 5.6.3 hd471939_0
  license: 0BSD AND LGPL-2.1-or-later
  size: 80991
  timestamp: 1733321559309
- kind: conda
  name: zstd
  version: 1.5.6
  build: h915ae27_0
  subdir: osx-64
  url: https://conda.anaconda.org/conda-forge/osx-64/zstd-1.5.6-h915ae27_0.conda
  sha256: efa04a98cb149643fa54c4dad5a0179e36a5fbc88427ea0eec88ceed87fd0f96
  md5: 4cb2cd56f039b129bb0e491c1164167e
  depends:
  - __osx >=10.9
  - libzlib >=1.2.13,<2.0.0a0
  license: BSD-3-Clause
  license_family: BSD
  size: 498900
  timestamp: 1714723303098
