version: 6
environments:
  default:
    channels:
    - url: https://conda.anaconda.org/conda-forge/
    - url: https://conda.anaconda.org/bioconda/
    packages:
      osx-64:
      - conda: https://conda.anaconda.org/conda-forge/osx-64/bzip2-1.0.8-hfdf4475_7.conda
      - conda: https://conda.anaconda.org/conda-forge/osx-64/c-ares-1.34.3-hf13058a_1.conda
      - conda: https://conda.anaconda.org/conda-forge/osx-64/ca-certificates-2024.8.30-h8857fd0_0.conda
      - conda: https://conda.anaconda.org/conda-forge/noarch/colorama-0.4.6-pyhd8ed1ab_1.conda
      - conda: https://conda.anaconda.org/conda-forge/noarch/defopt-6.4.0-pyhd8ed1ab_1.conda
      - conda: https://conda.anaconda.org/conda-forge/noarch/docutils-0.21.2-pyhd8ed1ab_1.conda
      - conda: https://conda.anaconda.org/bioconda/osx-64/htslib-1.21-h9f635df_1.tar.bz2
      - conda: https://conda.anaconda.org/conda-forge/osx-64/krb5-1.21.3-h37d8d59_0.conda
      - conda: https://conda.anaconda.org/conda-forge/osx-64/libblas-3.9.0-31_h7f60823_openblas.conda
      - conda: https://conda.anaconda.org/conda-forge/osx-64/libcblas-3.9.0-31_hff6cab4_openblas.conda
      - conda: https://conda.anaconda.org/conda-forge/osx-64/libcurl-8.13.0-h5dec5d8_0.conda
      - conda: https://conda.anaconda.org/conda-forge/osx-64/libcxx-19.1.5-hf95d169_0.conda
      - conda: https://conda.anaconda.org/conda-forge/osx-64/libdeflate-1.22-h00291cd_0.conda
      - conda: https://conda.anaconda.org/conda-forge/osx-64/libedit-3.1.20191231-h0678c8f_2.tar.bz2
      - conda: https://conda.anaconda.org/conda-forge/osx-64/libev-4.33-h10d778d_2.conda
      - conda: https://conda.anaconda.org/conda-forge/osx-64/libexpat-2.6.4-h240833e_0.conda
      - conda: https://conda.anaconda.org/conda-forge/osx-64/libffi-3.4.2-h0d85af4_5.tar.bz2
      - conda: https://conda.anaconda.org/conda-forge/osx-64/libgfortran-14.2.0-hef36b68_105.conda
      - conda: https://conda.anaconda.org/conda-forge/osx-64/libgfortran5-14.2.0-h58528f3_105.conda
      - conda: https://conda.anaconda.org/conda-forge/osx-64/liblapack-3.9.0-31_h236ab99_openblas.conda
      - conda: https://conda.anaconda.org/conda-forge/osx-64/liblzma-5.8.1-hd471939_0.conda
      - conda: https://conda.anaconda.org/conda-forge/osx-64/liblzma-devel-5.8.1-hd471939_0.conda
      - conda: https://conda.anaconda.org/conda-forge/osx-64/libnghttp2-1.64.0-hc7306c3_0.conda
      - conda: https://conda.anaconda.org/conda-forge/osx-64/libopenblas-0.3.29-openmp_hbf64a52_0.conda
      - conda: https://conda.anaconda.org/conda-forge/osx-64/libsqlite-3.47.0-h2f8c449_1.conda
      - conda: https://conda.anaconda.org/conda-forge/osx-64/libssh2-1.11.1-h3dc7d44_0.conda
      - conda: https://conda.anaconda.org/conda-forge/osx-64/libzlib-1.3.1-hd23fc13_2.conda
      - conda: https://conda.anaconda.org/conda-forge/osx-64/llvm-openmp-20.1.3-ha54dae1_0.conda
      - conda: https://conda.anaconda.org/conda-forge/osx-64/llvmlite-0.44.0-py312hc7f3abb_1.conda
      - conda: https://conda.anaconda.org/conda-forge/noarch/mypy_extensions-1.0.0-pyha770c72_1.conda
      - conda: https://conda.anaconda.org/conda-forge/osx-64/ncurses-6.5-hf036a51_1.conda
      - conda: https://conda.anaconda.org/conda-forge/noarch/networkx-3.4.2-pyh267e887_2.conda
      - conda: https://conda.anaconda.org/conda-forge/osx-64/numba-0.61.2-py312hfa89a5f_0.conda
      - conda: https://conda.anaconda.org/conda-forge/osx-64/numpy-2.2.5-py312h6693b03_0.conda
      - conda: https://conda.anaconda.org/conda-forge/osx-64/openssl-3.5.0-hc426f3f_0.conda
      - conda: https://conda.anaconda.org/conda-forge/osx-64/pandas-2.2.3-py312hec45ffd_3.conda
      - conda: https://conda.anaconda.org/conda-forge/noarch/pockets-0.9.1-py_0.tar.bz2
      - conda: https://conda.anaconda.org/bioconda/osx-64/pysam-0.23.0-py312hc68ed8a_0.tar.bz2
      - conda: https://conda.anaconda.org/conda-forge/osx-64/python-3.12.7-h8f8b54e_0_cpython.conda
      - conda: https://conda.anaconda.org/conda-forge/noarch/python-dateutil-2.9.0.post0-pyhff2d567_1.conda
      - conda: https://conda.anaconda.org/conda-forge/noarch/python-tzdata-2025.2-pyhd8ed1ab_0.conda
      - conda: https://conda.anaconda.org/conda-forge/osx-64/python_abi-3.12-5_cp312.conda
      - conda: https://conda.anaconda.org/conda-forge/noarch/pytz-2025.2-pyhd8ed1ab_0.conda
      - conda: https://conda.anaconda.org/conda-forge/osx-64/readline-8.2-h9e318b2_1.conda
      - conda: https://conda.anaconda.org/bioconda/osx-64/samtools-1.21-h94387ee_0.tar.bz2
      - conda: https://conda.anaconda.org/conda-forge/noarch/six-1.16.0-pyhd8ed1ab_1.conda
      - conda: https://conda.anaconda.org/conda-forge/noarch/sphinxcontrib-napoleon-0.7-py_0.tar.bz2
      - conda: https://conda.anaconda.org/conda-forge/osx-64/tk-8.6.13-h1abcd95_1.conda
      - conda: https://conda.anaconda.org/conda-forge/noarch/typing_extensions-4.12.2-pyha770c72_1.conda
      - conda: https://conda.anaconda.org/conda-forge/noarch/typing_inspect-0.9.0-pyhd8ed1ab_0.conda
      - conda: https://conda.anaconda.org/conda-forge/noarch/tzdata-2024b-hc8b5060_0.conda
      - conda: https://conda.anaconda.org/conda-forge/osx-64/xz-5.8.1-h357f2ed_0.conda
      - conda: https://conda.anaconda.org/conda-forge/osx-64/xz-gpl-tools-5.8.1-h357f2ed_0.conda
      - conda: https://conda.anaconda.org/conda-forge/osx-64/xz-tools-5.8.1-hd471939_0.conda
      - conda: https://conda.anaconda.org/conda-forge/osx-64/zstd-1.5.7-h8210216_2.conda
packages:
- conda: https://conda.anaconda.org/conda-forge/osx-64/bzip2-1.0.8-hfdf4475_7.conda
  sha256: cad153608b81fb24fc8c509357daa9ae4e49dfc535b2cb49b91e23dbd68fc3c5
  md5: 7ed4301d437b59045be7e051a0308211
  depends:
  - __osx >=10.13
  license: bzip2-1.0.6
  license_family: BSD
  size: 134188
  timestamp: 1720974491916
- conda: https://conda.anaconda.org/conda-forge/osx-64/c-ares-1.34.3-hf13058a_1.conda
  sha256: 37c031f91bb4c7ebec248e283c453b24840764fb53b640768780dcd904093f17
  md5: 7d8083876d71fe1316fc18369ee0dc58
  depends:
  - __osx >=10.13
  license: MIT
  license_family: MIT
  size: 184403
  timestamp: 1732447223773
- conda: https://conda.anaconda.org/conda-forge/osx-64/ca-certificates-2024.8.30-h8857fd0_0.conda
  sha256: 593f302d0f44c2c771e1614ee6d56fffdc7d616e6f187669c8b0e34ffce3e1ae
  md5: b7e5424e7f06547a903d28e4651dbb21
  license: ISC
  size: 158665
  timestamp: 1725019059295
- conda: https://conda.anaconda.org/conda-forge/noarch/colorama-0.4.6-pyhd8ed1ab_1.conda
  sha256: ab29d57dc70786c1269633ba3dff20288b81664d3ff8d21af995742e2bb03287
  md5: 962b9857ee8e7018c22f2776ffa0b2d7
  depends:
  - python >=3.9
  license: BSD-3-Clause
  license_family: BSD
  size: 27011
  timestamp: 1733218222191
- conda: https://conda.anaconda.org/conda-forge/noarch/defopt-6.4.0-pyhd8ed1ab_1.conda
  sha256: 246b0bec75c60a64ea2716933bc9433129bfb87d55eb4751af371a26ed81e081
  md5: ead632833716260577c1a28f468284c3
  depends:
  - colorama >=0.3.4
  - docutils >=0.12
  - python >=3.9
  - sphinxcontrib-napoleon >=0.7.0
  - typing_inspect >=0.5.0
  license: MIT
  license_family: MIT
  size: 22208
  timestamp: 1741758869058
- conda: https://conda.anaconda.org/conda-forge/noarch/docutils-0.21.2-pyhd8ed1ab_1.conda
  sha256: fa5966bb1718bbf6967a85075e30e4547901410cc7cb7b16daf68942e9a94823
  md5: 24c1ca34138ee57de72a943237cde4cc
  depends:
  - python >=3.9
  license: CC-PDDC AND BSD-3-Clause AND BSD-2-Clause AND ZPL-2.1
  size: 402700
  timestamp: 1733217860944
- conda: https://conda.anaconda.org/bioconda/osx-64/htslib-1.21-h9f635df_1.tar.bz2
  sha256: c04afc767e4da1cbc68b074b5451ee5750d7c2b663148fb1cdda20eff2a455b2
  md5: db2c276735e2201b1ab95e593de7f464
  depends:
  - bzip2 >=1.0.8,<2.0a0
  - libcurl >=8.10.1,<9.0a0
  - libdeflate >=1.22,<1.24.0a0
  - liblzma >=5.6.3,<6.0a0
  - libzlib >=1.3.1,<2.0a0
  license: MIT
  license_family: MIT
  size: 2933036
  timestamp: 1733989602277
- conda: https://conda.anaconda.org/conda-forge/osx-64/krb5-1.21.3-h37d8d59_0.conda
  sha256: 83b52685a4ce542772f0892a0f05764ac69d57187975579a0835ff255ae3ef9c
  md5: d4765c524b1d91567886bde656fb514b
  depends:
  - __osx >=10.13
  - libcxx >=16
  - libedit >=3.1.20191231,<3.2.0a0
  - libedit >=3.1.20191231,<4.0a0
  - openssl >=3.3.1,<4.0a0
  license: MIT
  license_family: MIT
  size: 1185323
  timestamp: 1719463492984
- conda: https://conda.anaconda.org/conda-forge/osx-64/libblas-3.9.0-31_h7f60823_openblas.conda
  build_number: 31
  sha256: 2192f9cfa72a1a6127eb1c57a9662eb1b44c6506f2b7517cf021f1262d2bf56d
  md5: a8c1c9f95d1c46d67028a6146c1ea77c
  depends:
  - libopenblas >=0.3.29,<0.3.30.0a0
  - libopenblas >=0.3.29,<1.0a0
  constrains:
  - libcblas =3.9.0=31*_openblas
  - liblapacke =3.9.0=31*_openblas
  - blas =2.131=openblas
  - mkl <2025
  - liblapack =3.9.0=31*_openblas
  license: BSD-3-Clause
  license_family: BSD
  size: 17105
  timestamp: 1740087945188
- conda: https://conda.anaconda.org/conda-forge/osx-64/libcblas-3.9.0-31_hff6cab4_openblas.conda
  build_number: 31
  sha256: a64b24e195f7790722e1557ff5ed9ecceaaf85559b182d0d03fa61c1fd60326c
  md5: c655cc2b0c48ec454f7a4db92415d012
  depends:
  - libblas 3.9.0 31_h7f60823_openblas
  constrains:
  - liblapacke =3.9.0=31*_openblas
  - blas =2.131=openblas
  - liblapack =3.9.0=31*_openblas
  license: BSD-3-Clause
  license_family: BSD
  size: 17006
  timestamp: 1740087955460
- conda: https://conda.anaconda.org/conda-forge/osx-64/libcurl-8.13.0-h5dec5d8_0.conda
  sha256: 137d92f1107141d9eb39598fb05837be4f9aad4ead957194d94364834f3cc590
  md5: a35b1976d746d55cd7380c8842d9a1b5
  depends:
  - __osx >=10.13
  - krb5 >=1.21.3,<1.22.0a0
  - libnghttp2 >=1.64.0,<2.0a0
  - libssh2 >=1.11.1,<2.0a0
  - libzlib >=1.3.1,<2.0a0
  - openssl >=3.4.1,<4.0a0
  - zstd >=1.5.7,<1.6.0a0
  license: curl
  license_family: MIT
  size: 418479
  timestamp: 1743601943696
- conda: https://conda.anaconda.org/conda-forge/osx-64/libcxx-19.1.5-hf95d169_0.conda
  sha256: 57e80908add715a2198559001087de014156c4b44a722add46253465ae9daa0c
  md5: a20d4ea6839510372d1eeb8532b09acf
  depends:
  - __osx >=10.13
  license: Apache-2.0 WITH LLVM-exception
  license_family: Apache
  size: 529401
  timestamp: 1733291621685
- conda: https://conda.anaconda.org/conda-forge/osx-64/libdeflate-1.22-h00291cd_0.conda
  sha256: 681035346974c3315685dc40898e26f65f1c00cbb0b5fd80cc2599e207a34b31
  md5: a15785ccc62ae2a8febd299424081efb
  depends:
  - __osx >=10.13
  license: MIT
  license_family: MIT
  size: 70407
  timestamp: 1728177128525
- conda: https://conda.anaconda.org/conda-forge/osx-64/libedit-3.1.20191231-h0678c8f_2.tar.bz2
  sha256: dbd3c3f2eca1d21c52e4c03b21930bbce414c4592f8ce805801575b9e9256095
  md5: 6016a8a1d0e63cac3de2c352cd40208b
  depends:
  - ncurses >=6.2,<7.0.0a0
  license: BSD-2-Clause
  license_family: BSD
  size: 105382
  timestamp: 1597616576726
- conda: https://conda.anaconda.org/conda-forge/osx-64/libev-4.33-h10d778d_2.conda
  sha256: 0d238488564a7992942aa165ff994eca540f687753b4f0998b29b4e4d030ff43
  md5: 899db79329439820b7e8f8de41bca902
  license: BSD-2-Clause
  license_family: BSD
  size: 106663
  timestamp: 1702146352558
- conda: https://conda.anaconda.org/conda-forge/osx-64/libexpat-2.6.4-h240833e_0.conda
  sha256: d10f43d0c5df6c8cf55259bce0fe14d2377eed625956cddce06f58827d288c59
  md5: 20307f4049a735a78a29073be1be2626
  depends:
  - __osx >=10.13
  constrains:
  - expat 2.6.4.*
  license: MIT
  license_family: MIT
  size: 70758
  timestamp: 1730967204736
- conda: https://conda.anaconda.org/conda-forge/osx-64/libffi-3.4.2-h0d85af4_5.tar.bz2
  sha256: 7a2d27a936ceee6942ea4d397f9c7d136f12549d86f7617e8b6bad51e01a941f
  md5: ccb34fb14960ad8b125962d3d79b31a9
  license: MIT
  license_family: MIT
  size: 51348
  timestamp: 1636488394370
- conda: https://conda.anaconda.org/conda-forge/osx-64/libgfortran-14.2.0-hef36b68_105.conda
  sha256: 984040aa98dedcfbe1cf59befd73740e30d368b96cbfa17c002297e67fa5af23
  md5: 6b27baf030f5d6603713c7e72d3f6b9a
  depends:
  - libgfortran5 14.2.0 h58528f3_105
  license: GPL-3.0-only WITH GCC-exception-3.1
  license_family: GPL
  size: 155635
  timestamp: 1743911593527
- conda: https://conda.anaconda.org/conda-forge/osx-64/libgfortran5-14.2.0-h58528f3_105.conda
  sha256: 02fc48106e1ca65cf7de15f58ec567f866f6e8e9dcced157d0cff89f0768bb59
  md5: 94560312ff3c78225bed62ab59854c31
  depends:
  - llvm-openmp >=8.0.0
  constrains:
  - libgfortran 14.2.0
  license: GPL-3.0-only WITH GCC-exception-3.1
  license_family: GPL
  size: 1224385
  timestamp: 1743911552203
- conda: https://conda.anaconda.org/conda-forge/osx-64/liblapack-3.9.0-31_h236ab99_openblas.conda
  build_number: 31
  sha256: 2d5642b07b56037ab735e5d64309dd905d5acb207a1b2ab1692f811b55a64825
  md5: d0f3bc17e0acef003cb9d9195a205888
  depends:
  - libblas 3.9.0 31_h7f60823_openblas
  constrains:
  - libcblas =3.9.0=31*_openblas
  - blas =2.131=openblas
  - liblapacke =3.9.0=31*_openblas
  license: BSD-3-Clause
  license_family: BSD
  size: 17033
  timestamp: 1740087965941
- conda: https://conda.anaconda.org/conda-forge/osx-64/liblzma-5.8.1-hd471939_0.conda
  sha256: 3369b8ef0b544d17aebc530a687c0480051e825e8ffcd001b1a5f594fe276159
  md5: 8e1197f652c67e87a9ece738d82cef4f
  depends:
  - __osx >=10.13
  license: 0BSD
  size: 104689
  timestamp: 1743771137842
- conda: https://conda.anaconda.org/conda-forge/osx-64/liblzma-devel-5.8.1-hd471939_0.conda
  sha256: a1aa6d12c408fe99dab45dfe99627cdb7b0d08efd2c5e92dd879967a4298dbf2
  md5: 0ebd6c7640cc60f9e2939f1472704aa7
  depends:
  - __osx >=10.13
  - liblzma 5.8.1 hd471939_0
  license: 0BSD
  size: 116376
  timestamp: 1743771154225
- conda: https://conda.anaconda.org/conda-forge/osx-64/libnghttp2-1.64.0-hc7306c3_0.conda
  sha256: 0dcfdcf3a445d2d7de4f3b186ab0a794dc872f4ea21622f9b997be72712c027f
  md5: ab21007194b97beade22ceb7a3f6fee5
  depends:
  - __osx >=10.13
  - c-ares >=1.34.2,<2.0a0
  - libcxx >=17
  - libev >=4.33,<4.34.0a0
  - libev >=4.33,<5.0a0
  - libzlib >=1.3.1,<2.0a0
  - openssl >=3.3.2,<4.0a0
  license: MIT
  license_family: MIT
  size: 606663
  timestamp: 1729572019083
- conda: https://conda.anaconda.org/conda-forge/osx-64/libopenblas-0.3.29-openmp_hbf64a52_0.conda
  sha256: fbb413923f91cb80a4d23725816499b921dd87454121efcde107abc7772c937a
  md5: a30dc52b2a8b6300f17eaabd2f940d41
  depends:
  - __osx >=10.13
  - libgfortran >=5
  - libgfortran5 >=13.2.0
  - llvm-openmp >=18.1.8
  constrains:
  - openblas >=0.3.29,<0.3.30.0a0
  license: BSD-3-Clause
  license_family: BSD
  size: 6170847
  timestamp: 1739826107594
- conda: https://conda.anaconda.org/conda-forge/osx-64/libsqlite-3.47.0-h2f8c449_1.conda
  sha256: a0f7381c867898a45018b1e5cf1aca68659d292d58252e8f489a4270b010fed8
  md5: af445c495253a871c3d809e1199bb12b
  depends:
  - __osx >=10.13
  - libzlib >=1.3.1,<2.0a0
  license: Unlicense
  size: 915300
  timestamp: 1730208101739
- conda: https://conda.anaconda.org/conda-forge/osx-64/libssh2-1.11.1-h3dc7d44_0.conda
  sha256: ef2a81c9a15080b996a37f0e1712881da90a710b234e63d8539d69892353de90
  md5: b1caec4561059e43a5d056684c5a2de0
  depends:
  - __osx >=10.13
  - libzlib >=1.3.1,<2.0a0
  - openssl >=3.4.0,<4.0a0
  license: BSD-3-Clause
  license_family: BSD
  size: 283874
  timestamp: 1732349525684
- conda: https://conda.anaconda.org/conda-forge/osx-64/libzlib-1.3.1-hd23fc13_2.conda
  sha256: 8412f96504fc5993a63edf1e211d042a1fd5b1d51dedec755d2058948fcced09
  md5: 003a54a4e32b02f7355b50a837e699da
  depends:
  - __osx >=10.13
  constrains:
  - zlib 1.3.1 *_2
  license: Zlib
  license_family: Other
  size: 57133
  timestamp: 1727963183990
- conda: https://conda.anaconda.org/conda-forge/osx-64/llvm-openmp-20.1.3-ha54dae1_0.conda
  sha256: deaba16df3fd04910255188dfbd2924d07476375a2e75472859b3c6a9fabd60b
  md5: 16b29a91c8177de8910477ded0f80191
  depends:
  - __osx >=10.13
  constrains:
  - openmp 20.1.3|20.1.3.*
  license: Apache-2.0 WITH LLVM-exception
  license_family: APACHE
  size: 306693
  timestamp: 1744934078427
- conda: https://conda.anaconda.org/conda-forge/osx-64/llvmlite-0.44.0-py312hc7f3abb_1.conda
  sha256: 8f4bd5822775388de752f22d3cb6f2f61df3c954708086f5dd1849caaa9037c9
  md5: 6702a3f1c78438a255d40fa2285db823
  depends:
  - __osx >=10.13
  - libcxx >=18
  - libzlib >=1.3.1,<2.0a0
  - python >=3.12,<3.13.0a0
  - python_abi 3.12.* *_cp312
  license: BSD-2-Clause
  license_family: BSD
  size: 20362840
  timestamp: 1742815985233
- conda: https://conda.anaconda.org/conda-forge/noarch/mypy_extensions-1.0.0-pyha770c72_1.conda
  sha256: 1895f47b7d68581a6facde5cb13ab8c2764c2e53a76bd746f8f98910dc4e08fe
  md5: 29097e7ea634a45cc5386b95cac6568f
  depends:
  - python >=3.9
  license: MIT
  license_family: MIT
  size: 10854
  timestamp: 1733230986902
- conda: https://conda.anaconda.org/conda-forge/osx-64/ncurses-6.5-hf036a51_1.conda
  sha256: b0b3180039ef19502525a2abd5833c00f9624af830fd391f851934d57bffb9af
  md5: e102bbf8a6ceeaf429deab8032fc8977
  depends:
  - __osx >=10.13
  license: X11 AND BSD-3-Clause
  size: 822066
  timestamp: 1724658603042
- conda: https://conda.anaconda.org/conda-forge/noarch/networkx-3.4.2-pyh267e887_2.conda
  sha256: 39625cd0c9747fa5c46a9a90683b8997d8b9649881b3dc88336b13b7bdd60117
  md5: fd40bf7f7f4bc4b647dc8512053d9873
  depends:
  - python >=3.10
  - python
  constrains:
  - numpy >=1.24
  - scipy >=1.10,!=1.11.0,!=1.11.1
  - matplotlib >=3.7
  - pandas >=2.0
  license: BSD-3-Clause
  license_family: BSD
  size: 1265008
  timestamp: 1731521053408
- conda: https://conda.anaconda.org/conda-forge/osx-64/numba-0.61.2-py312hfa89a5f_0.conda
  sha256: c7a3b099e0668ff51e4b9162c296a9fa658900855c2783b62d8f05fd660ee02e
  md5: 1cf44f1ac1157a4a123ea686c5447caf
  depends:
  - __osx >=10.13
  - libcxx >=18
  - llvm-openmp >=18.1.8
  - llvm-openmp >=20.1.2
  - llvmlite >=0.44.0,<0.45.0a0
  - numpy >=1.19,<3
  - numpy >=1.24
  - python >=3.12,<3.13.0a0
  - python_abi 3.12.* *_cp312
  constrains:
  - scipy >=1.0
  - tbb >=2021.6.0
  - libopenblas !=0.3.6
  - cuda-version >=11.2
  - cuda-python >=11.6
  - cudatoolkit >=11.2
  license: BSD-2-Clause
  license_family: BSD
  size: 5783088
  timestamp: 1744232358308
- conda: https://conda.anaconda.org/conda-forge/osx-64/numpy-2.2.5-py312h6693b03_0.conda
  sha256: ac2c9e186d39087e4515999b0e42d1f7e83c22743e8aab183c3675fd972d7d34
  md5: db10cfa34ff7aa01cb6d0cf03c872f09
  depends:
  - __osx >=10.13
  - libblas >=3.9.0,<4.0a0
  - libcblas >=3.9.0,<4.0a0
  - libcxx >=18
  - liblapack >=3.9.0,<4.0a0
  - python >=3.12,<3.13.0a0
  - python_abi 3.12.* *_cp312
  constrains:
  - numpy-base <0a0
  license: BSD-3-Clause
  license_family: BSD
  size: 7635087
  timestamp: 1745119684441
- conda: https://conda.anaconda.org/conda-forge/osx-64/openssl-3.5.0-hc426f3f_0.conda
  sha256: 7ee137b67f2de89d203e5ac2ebffd6d42252700005bf6af2bbf3dc11a9dfedbd
  md5: e06e13c34056b6334a7a1188b0f4c83c
  depends:
  - __osx >=10.13
  - ca-certificates
  license: Apache-2.0
  license_family: Apache
  size: 2737547
  timestamp: 1744140967264
- conda: https://conda.anaconda.org/conda-forge/osx-64/pandas-2.2.3-py312hec45ffd_3.conda
  sha256: b9c98565d165384a53ecdb14c8ccd9144d672b58c81e057598d197c6be0aba98
  md5: 50fcc3531441b73cb493ef9b2604abde
  depends:
  - __osx >=10.13
  - libcxx >=18
  - numpy >=1.19,<3
  - numpy >=1.22.4
  - python >=3.12,<3.13.0a0
  - python-dateutil >=2.8.2
  - python-tzdata >=2022.7
  - python_abi 3.12.* *_cp312
  - pytz >=2020.1
  constrains:
  - sqlalchemy >=2.0.0
  - numba >=0.56.4
  - pyarrow >=10.0.1
  - python-calamine >=0.1.7
  - bottleneck >=1.3.6
  - tzdata >=2022.7
  - lxml >=4.9.2
  - gcsfs >=2022.11.0
  - html5lib >=1.1
  - pandas-gbq >=0.19.0
  - psycopg2 >=2.9.6
  - numexpr >=2.8.4
  - fastparquet >=2022.12.0
  - zstandard >=0.19.0
  - tabulate >=0.9.0
  - xarray >=2022.12.0
  - xlsxwriter >=3.0.5
  - odfpy >=1.4.1
  - pyreadstat >=1.2.0
  - openpyxl >=3.1.0
  - xlrd >=2.0.1
  - beautifulsoup4 >=4.11.2
  - s3fs >=2022.11.0
  - matplotlib >=3.6.3
  - scipy >=1.10.0
  - fsspec >=2022.11.0
  - pytables >=3.8.0
  - qtpy >=2.3.0
  - blosc >=1.21.3
  - pyqt5 >=5.15.9
  - pyxlsb >=1.0.10
  license: BSD-3-Clause
  license_family: BSD
  size: 14590879
  timestamp: 1744431018654
- conda: https://conda.anaconda.org/conda-forge/noarch/pockets-0.9.1-py_0.tar.bz2
  sha256: 65078c436f78e16babac055eb0e5800c7f8453f5b0d45d5d124916ad97e264ca
  md5: 1b52f0c42e8077e5a33e00fe72269364
  depends:
  - python
  - six >=1.5.2
  license: BSD-3-Clause
  license_family: BSD
  size: 24691
  timestamp: 1572721532592
- conda: https://conda.anaconda.org/bioconda/osx-64/pysam-0.23.0-py312hc68ed8a_0.tar.bz2
  sha256: d87b14ad7673ffe9a0461177aa0d472223058fd76d72ff0e7e5c9f5c0ce346de
  md5: ed1ce8f54f66c06762de66495abab3a5
  depends:
  - bzip2 >=1.0.8,<2.0a0
  - libcurl >=8.11.1,<9.0a0
  - libdeflate >=1.22,<1.23.0a0
  - liblzma >=5.6.4,<6.0a0
  - libzlib >=1.3.1,<2.0a0
  - python >=3.12,<3.13.0a0
  - python_abi 3.12.* *_cp312
  license: MIT
  size: 4531282
  timestamp: 1738752226329
- conda: https://conda.anaconda.org/conda-forge/osx-64/python-3.12.7-h8f8b54e_0_cpython.conda
  sha256: 28172d94f7193c5075c0fc3c4b1bb617c512ffc991f4e2af0dbb6a2916872b76
  md5: 7f81191b1ca1113e694e90e15c27a12f
  depends:
  - __osx >=10.13
  - bzip2 >=1.0.8,<2.0a0
  - libexpat >=2.6.3,<3.0a0
  - libffi >=3.4,<4.0a0
  - libsqlite >=3.46.1,<4.0a0
  - libzlib >=1.3.1,<2.0a0
  - ncurses >=6.5,<7.0a0
  - openssl >=3.3.2,<4.0a0
  - readline >=8.2,<9.0a0
  - tk >=8.6.13,<8.7.0a0
  - tzdata
  - xz >=5.2.6,<6.0a0
  constrains:
  - python_abi 3.12.* *_cp312
  license: Python-2.0
  size: 13761315
  timestamp: 1728058247482
- conda: https://conda.anaconda.org/conda-forge/noarch/python-dateutil-2.9.0.post0-pyhff2d567_1.conda
  sha256: a50052536f1ef8516ed11a844f9413661829aa083304dc624c5925298d078d79
  md5: 5ba79d7c71f03c678c8ead841f347d6e
  depends:
  - python >=3.9
  - six >=1.5
  license: Apache-2.0
  license_family: APACHE
  size: 222505
  timestamp: 1733215763718
- conda: https://conda.anaconda.org/conda-forge/noarch/python-tzdata-2025.2-pyhd8ed1ab_0.conda
  sha256: e8392a8044d56ad017c08fec2b0eb10ae3d1235ac967d0aab8bd7b41c4a5eaf0
  md5: 88476ae6ebd24f39261e0854ac244f33
  depends:
  - python >=3.9
  license: Apache-2.0
  license_family: APACHE
  size: 144160
  timestamp: 1742745254292
- conda: https://conda.anaconda.org/conda-forge/osx-64/python_abi-3.12-5_cp312.conda
  build_number: 5
  sha256: 4da26c7508d5bc5d8621e84dc510284402239df56aab3587a7d217de9d3c806d
  md5: c34dd4920e0addf7cfcc725809f25d8e
  constrains:
  - python 3.12.* *_cpython
  license: BSD-3-Clause
  license_family: BSD
  size: 6312
  timestamp: 1723823137004
- conda: https://conda.anaconda.org/conda-forge/noarch/pytz-2025.2-pyhd8ed1ab_0.conda
  sha256: 8d2a8bf110cc1fc3df6904091dead158ba3e614d8402a83e51ed3a8aa93cdeb0
  md5: bc8e3267d44011051f2eb14d22fb0960
  depends:
  - python >=3.9
  license: MIT
  license_family: MIT
  size: 189015
  timestamp: 1742920947249
- conda: https://conda.anaconda.org/conda-forge/osx-64/readline-8.2-h9e318b2_1.conda
  sha256: 41e7d30a097d9b060037f0c6a2b1d4c4ae7e942c06c943d23f9d481548478568
  md5: f17f77f2acf4d344734bda76829ce14e
  depends:
  - ncurses >=6.3,<7.0a0
  license: GPL-3.0-only
  license_family: GPL
  size: 255870
  timestamp: 1679532707590
- conda: https://conda.anaconda.org/bioconda/osx-64/samtools-1.21-h94387ee_0.tar.bz2
  sha256: a246184b101f982400e46a67d0db84587d1baa0ae8d8aff2f663bbf6ebe287a5
  md5: 2ee3b46acad1e32462286ac65e970868
  depends:
  - htslib >=1.21,<1.22.0a0
  - libzlib >=1.2.13,<2.0a0
  - ncurses >=6.5,<7.0a0
  license: MIT
  size: 467603
  timestamp: 1726176875620
- conda: https://conda.anaconda.org/conda-forge/noarch/six-1.16.0-pyhd8ed1ab_1.conda
  sha256: 761b96fe7bea080b9c35dd2f87f788eb94b61d462645bd16f361e80ae0ff017c
  md5: a516da6cfe1ec0a55e49737f017b4965
  depends:
  - python >=3.9
  license: MIT
  license_family: MIT
  size: 16385
  timestamp: 1733216901349
- conda: https://conda.anaconda.org/conda-forge/noarch/sphinxcontrib-napoleon-0.7-py_0.tar.bz2
  sha256: 5dba9f3893e67161e229f16ff9361264bb880cdef5fd5671779ca052e1dbefbe
  md5: 0bc25ff6f2e34af63ded59692df5f749
  depends:
  - pockets >=0.3
  - python
  - six >=1.5.2
  license: BSD-2-Clause
  license_family: BSD
  size: 18983
  timestamp: 1564592662482
- conda: https://conda.anaconda.org/conda-forge/osx-64/tk-8.6.13-h1abcd95_1.conda
  sha256: 30412b2e9de4ff82d8c2a7e5d06a15f4f4fef1809a72138b6ccb53a33b26faf5
  md5: bf830ba5afc507c6232d4ef0fb1a882d
  depends:
  - libzlib >=1.2.13,<2.0.0a0
  license: TCL
  license_family: BSD
  size: 3270220
  timestamp: 1699202389792
- conda: https://conda.anaconda.org/conda-forge/noarch/typing_extensions-4.12.2-pyha770c72_1.conda
  sha256: 337be7af5af8b2817f115b3b68870208b30c31d3439bec07bfb2d8f4823e3568
  md5: d17f13df8b65464ca316cbc000a3cb64
  depends:
  - python >=3.9
  license: PSF-2.0
  license_family: PSF
  size: 39637
  timestamp: 1733188758212
- conda: https://conda.anaconda.org/conda-forge/noarch/typing_inspect-0.9.0-pyhd8ed1ab_0.conda
  sha256: 16e0b825c138e14ebc84623248d91d93a8cff29bb93595cc4aa46ca32f24f1de
  md5: 9e924b76b91908a17e28a19a0ab88687
  depends:
  - mypy_extensions >=0.3.0
  - python >=3.5
  - typing_extensions >=3.7.4
  license: MIT
  license_family: MIT
  size: 14906
  timestamp: 1685820229594
- conda: https://conda.anaconda.org/conda-forge/noarch/tzdata-2024b-hc8b5060_0.conda
  sha256: 4fde5c3008bf5d2db82f2b50204464314cc3c91c1d953652f7bd01d9e52aefdf
  md5: 8ac3367aafb1cc0a068483c580af8015
  license: LicenseRef-Public-Domain
  size: 122354
  timestamp: 1728047496079
- conda: https://conda.anaconda.org/conda-forge/osx-64/xz-5.8.1-h357f2ed_0.conda
  sha256: 878d3767eb286940c794cf97c18b83c3482f75e5493f682eb726309c242c0cc5
  md5: f82538ab4e5702e44596edce4469dd1a
  depends:
  - __osx >=10.13
  - liblzma 5.8.1 hd471939_0
  - liblzma-devel 5.8.1 hd471939_0
  - xz-gpl-tools 5.8.1 h357f2ed_0
  - xz-tools 5.8.1 hd471939_0
  license: 0BSD AND LGPL-2.1-or-later AND GPL-2.0-or-later
  size: 23813
  timestamp: 1743771206092
- conda: https://conda.anaconda.org/conda-forge/osx-64/xz-gpl-tools-5.8.1-h357f2ed_0.conda
  sha256: 0802af7effb3bd823404fa3f059af3f58953a5a0ee47914603659695d9aaf0b1
  md5: d41e7f7377313e6d44cb37f24bca046d
  depends:
  - __osx >=10.13
  - liblzma 5.8.1 hd471939_0
  license: 0BSD AND LGPL-2.1-or-later AND GPL-2.0-or-later
  size: 33511
  timestamp: 1743771189930
- conda: https://conda.anaconda.org/conda-forge/osx-64/xz-tools-5.8.1-hd471939_0.conda
  sha256: 4b93d76d483a4a01ff342c767412148726198eb784db1c35749e391f99d2416d
  md5: 0feb3570e5d52cb777ccac5bb252d5c9
  depends:
  - __osx >=10.13
  - liblzma 5.8.1 hd471939_0
  license: 0BSD AND LGPL-2.1-or-later
  size: 85655
  timestamp: 1743771172490
- conda: https://conda.anaconda.org/conda-forge/osx-64/zstd-1.5.7-h8210216_2.conda
  sha256: c171c43d0c47eed45085112cb00c8c7d4f0caa5a32d47f2daca727e45fb98dca
  md5: cd60a4a5a8d6a476b30d8aa4bb49251a
  depends:
  - __osx >=10.13
  - libzlib >=1.3.1,<2.0a0
  license: BSD-3-Clause
  license_family: BSD
  size: 485754
  timestamp: 1742433356230
